// !$*UTF8*$!
{
	archiveVersion = 1;
	classes = {
	};
	objectVersion = 50;
	objects = {

/* Begin PBXBuildFile section */
		504EC58C60A07B5E6F627ABB /* Pods_DontForget.framework in Frameworks */ = {isa = PBXBuildFile; fileRef = 70A186F3AB400772F9933C0D /* Pods_DontForget.framework */; };
		E4E833B8221DBA5C005C55AC /* CategoryTableViewController.swift in Sources */ = {isa = PBXBuildFile; fileRef = E4E833B7221DBA5C005C55AC /* CategoryTableViewController.swift */; };
		E4EAA3AF2224252800D13CDF /* Category.swift in Sources */ = {isa = PBXBuildFile; fileRef = E4EAA3AE2224252800D13CDF /* Category.swift */; };
		E4EAA3B12224253600D13CDF /* Item.swift in Sources */ = {isa = PBXBuildFile; fileRef = E4EAA3B02224253600D13CDF /* Item.swift */; };
		E4F2902C2212BEFC005A4A14 /* AppDelegate.swift in Sources */ = {isa = PBXBuildFile; fileRef = E4F2902B2212BEFC005A4A14 /* AppDelegate.swift */; };
		E4F2902E2212BEFC005A4A14 /* MainTableViewController.swift in Sources */ = {isa = PBXBuildFile; fileRef = E4F2902D2212BEFC005A4A14 /* MainTableViewController.swift */; };
		E4F290312212BEFC005A4A14 /* Main.storyboard in Resources */ = {isa = PBXBuildFile; fileRef = E4F2902F2212BEFC005A4A14 /* Main.storyboard */; };
		E4F290332212BEFD005A4A14 /* Assets.xcassets in Resources */ = {isa = PBXBuildFile; fileRef = E4F290322212BEFD005A4A14 /* Assets.xcassets */; };
		E4F290362212BEFD005A4A14 /* LaunchScreen.storyboard in Resources */ = {isa = PBXBuildFile; fileRef = E4F290342212BEFD005A4A14 /* LaunchScreen.storyboard */; };
/* End PBXBuildFile section */

/* Begin PBXFileReference section */
		1D70E467C0BD6EC64F4346D8 /* Pods-DontForget.release.xcconfig */ = {isa = PBXFileReference; includeInIndex = 1; lastKnownFileType = text.xcconfig; name = "Pods-DontForget.release.xcconfig"; path = "Pods/Target Support Files/Pods-DontForget/Pods-DontForget.release.xcconfig"; sourceTree = "<group>"; };
		70A186F3AB400772F9933C0D /* Pods_DontForget.framework */ = {isa = PBXFileReference; explicitFileType = wrapper.framework; includeInIndex = 0; path = Pods_DontForget.framework; sourceTree = BUILT_PRODUCTS_DIR; };
		E4E833B7221DBA5C005C55AC /* CategoryTableViewController.swift */ = {isa = PBXFileReference; lastKnownFileType = sourcecode.swift; path = CategoryTableViewController.swift; sourceTree = "<group>"; };
		E4EAA3AE2224252800D13CDF /* Category.swift */ = {isa = PBXFileReference; lastKnownFileType = sourcecode.swift; path = Category.swift; sourceTree = "<group>"; };
		E4EAA3B02224253600D13CDF /* Item.swift */ = {isa = PBXFileReference; lastKnownFileType = sourcecode.swift; path = Item.swift; sourceTree = "<group>"; };
		E4F290282212BEFC005A4A14 /* DontForget.app */ = {isa = PBXFileReference; explicitFileType = wrapper.application; includeInIndex = 0; path = DontForget.app; sourceTree = BUILT_PRODUCTS_DIR; };
		E4F2902B2212BEFC005A4A14 /* AppDelegate.swift */ = {isa = PBXFileReference; lastKnownFileType = sourcecode.swift; path = AppDelegate.swift; sourceTree = "<group>"; };
		E4F2902D2212BEFC005A4A14 /* MainTableViewController.swift */ = {isa = PBXFileReference; lastKnownFileType = sourcecode.swift; path = MainTableViewController.swift; sourceTree = "<group>"; };
		E4F290302212BEFC005A4A14 /* Base */ = {isa = PBXFileReference; lastKnownFileType = file.storyboard; name = Base; path = Base.lproj/Main.storyboard; sourceTree = "<group>"; };
		E4F290322212BEFD005A4A14 /* Assets.xcassets */ = {isa = PBXFileReference; lastKnownFileType = folder.assetcatalog; path = Assets.xcassets; sourceTree = "<group>"; };
		E4F290352212BEFD005A4A14 /* Base */ = {isa = PBXFileReference; lastKnownFileType = file.storyboard; name = Base; path = Base.lproj/LaunchScreen.storyboard; sourceTree = "<group>"; };
		E4F290372212BEFD005A4A14 /* Info.plist */ = {isa = PBXFileReference; lastKnownFileType = text.plist.xml; path = Info.plist; sourceTree = "<group>"; };
		EF88277162FD4442EA5FD576 /* Pods-DontForget.debug.xcconfig */ = {isa = PBXFileReference; includeInIndex = 1; lastKnownFileType = text.xcconfig; name = "Pods-DontForget.debug.xcconfig"; path = "Pods/Target Support Files/Pods-DontForget/Pods-DontForget.debug.xcconfig"; sourceTree = "<group>"; };
/* End PBXFileReference section */

/* Begin PBXFrameworksBuildPhase section */
		E4F290252212BEFC005A4A14 /* Frameworks */ = {
			isa = PBXFrameworksBuildPhase;
			buildActionMask = 2147483647;
			files = (
				504EC58C60A07B5E6F627ABB /* Pods_DontForget.framework in Frameworks */,
			);
			runOnlyForDeploymentPostprocessing = 0;
		};
/* End PBXFrameworksBuildPhase section */

/* Begin PBXGroup section */
		44CB28E3D9AEFFF077506BFA /* Frameworks */ = {
			isa = PBXGroup;
			children = (
				70A186F3AB400772F9933C0D /* Pods_DontForget.framework */,
			);
			name = Frameworks;
			sourceTree = "<group>";
		};
		5716708FB9C15BE8AB170A93 /* Pods */ = {
			isa = PBXGroup;
			children = (
				EF88277162FD4442EA5FD576 /* Pods-DontForget.debug.xcconfig */,
				1D70E467C0BD6EC64F4346D8 /* Pods-DontForget.release.xcconfig */,
			);
			name = Pods;
			sourceTree = "<group>";
		};
		E42A89BA2218092C000D4407 /* Data Model */ = {
			isa = PBXGroup;
			children = (
				E4EAA3AE2224252800D13CDF /* Category.swift */,
				E4EAA3B02224253600D13CDF /* Item.swift */,
			);
			path = "Data Model";
			sourceTree = "<group>";
		};
		E42A89BB22180941000D4407 /* Controllers */ = {
			isa = PBXGroup;
			children = (
				E4E833B7221DBA5C005C55AC /* CategoryTableViewController.swift */,
				E4F2902D2212BEFC005A4A14 /* MainTableViewController.swift */,
			);
			path = Controllers;
			sourceTree = "<group>";
		};
		E42A89BC22180961000D4407 /* Views */ = {
			isa = PBXGroup;
			children = (
				E4F2902F2212BEFC005A4A14 /* Main.storyboard */,
			);
			path = Views;
			sourceTree = "<group>";
		};
		E42A89BD2218096C000D4407 /* Supporting Files */ = {
			isa = PBXGroup;
			children = (
				E4F290322212BEFD005A4A14 /* Assets.xcassets */,
				E4F290342212BEFD005A4A14 /* LaunchScreen.storyboard */,
			);
			path = "Supporting Files";
			sourceTree = "<group>";
		};
		E4F2901F2212BEFC005A4A14 = {
			isa = PBXGroup;
			children = (
				E4F2902A2212BEFC005A4A14 /* DontForget */,
				E4F290292212BEFC005A4A14 /* Products */,
				5716708FB9C15BE8AB170A93 /* Pods */,
				44CB28E3D9AEFFF077506BFA /* Frameworks */,
			);
			sourceTree = "<group>";
		};
		E4F290292212BEFC005A4A14 /* Products */ = {
			isa = PBXGroup;
			children = (
				E4F290282212BEFC005A4A14 /* DontForget.app */,
			);
			name = Products;
			sourceTree = "<group>";
		};
		E4F2902A2212BEFC005A4A14 /* DontForget */ = {
			isa = PBXGroup;
			children = (
				E4F2902B2212BEFC005A4A14 /* AppDelegate.swift */,
				E42A89BB22180941000D4407 /* Controllers */,
				E42A89BA2218092C000D4407 /* Data Model */,
				E42A89BC22180961000D4407 /* Views */,
				E42A89BD2218096C000D4407 /* Supporting Files */,
				E4F290372212BEFD005A4A14 /* Info.plist */,
			);
			path = DontForget;
			sourceTree = "<group>";
		};
/* End PBXGroup section */

/* Begin PBXNativeTarget section */
		E4F290272212BEFC005A4A14 /* DontForget */ = {
			isa = PBXNativeTarget;
			buildConfigurationList = E4F2903A2212BEFD005A4A14 /* Build configuration list for PBXNativeTarget "DontForget" */;
			buildPhases = (
				014DE740921CE1558E59B5E9 /* [CP] Check Pods Manifest.lock */,
				E4F290242212BEFC005A4A14 /* Sources */,
				E4F290252212BEFC005A4A14 /* Frameworks */,
				E4F290262212BEFC005A4A14 /* Resources */,
				A5948A17235F4F77F1BADA60 /* [CP] Embed Pods Frameworks */,
			);
			buildRules = (
			);
			dependencies = (
			);
			name = DontForget;
			productName = DontForget;
			productReference = E4F290282212BEFC005A4A14 /* DontForget.app */;
			productType = "com.apple.product-type.application";
		};
/* End PBXNativeTarget section */

/* Begin PBXProject section */
		E4F290202212BEFC005A4A14 /* Project object */ = {
			isa = PBXProject;
			attributes = {
				LastSwiftUpdateCheck = 1010;
				LastUpgradeCheck = 1010;
				ORGANIZATIONNAME = Game4Life;
				TargetAttributes = {
					E4F290272212BEFC005A4A14 = {
						CreatedOnToolsVersion = 10.1;
					};
				};
			};
			buildConfigurationList = E4F290232212BEFC005A4A14 /* Build configuration list for PBXProject "DontForget" */;
			compatibilityVersion = "Xcode 9.3";
			developmentRegion = en;
			hasScannedForEncodings = 0;
			knownRegions = (
				en,
				Base,
			);
			mainGroup = E4F2901F2212BEFC005A4A14;
			productRefGroup = E4F290292212BEFC005A4A14 /* Products */;
			projectDirPath = "";
			projectRoot = "";
			targets = (
				E4F290272212BEFC005A4A14 /* DontForget */,
			);
		};
/* End PBXProject section */

/* Begin PBXResourcesBuildPhase section */
		E4F290262212BEFC005A4A14 /* Resources */ = {
			isa = PBXResourcesBuildPhase;
			buildActionMask = 2147483647;
			files = (
				E4F290362212BEFD005A4A14 /* LaunchScreen.storyboard in Resources */,
				E4F290332212BEFD005A4A14 /* Assets.xcassets in Resources */,
				E4F290312212BEFC005A4A14 /* Main.storyboard in Resources */,
			);
			runOnlyForDeploymentPostprocessing = 0;
		};
/* End PBXResourcesBuildPhase section */

/* Begin PBXShellScriptBuildPhase section */
		014DE740921CE1558E59B5E9 /* [CP] Check Pods Manifest.lock */ = {
			isa = PBXShellScriptBuildPhase;
			buildActionMask = 2147483647;
			files = (
			);
			inputFileListPaths = (
			);
			inputPaths = (
				"${PODS_PODFILE_DIR_PATH}/Podfile.lock",
				"${PODS_ROOT}/Manifest.lock",
			);
			name = "[CP] Check Pods Manifest.lock";
			outputFileListPaths = (
			);
			outputPaths = (
				"$(DERIVED_FILE_DIR)/Pods-DontForget-checkManifestLockResult.txt",
			);
			runOnlyForDeploymentPostprocessing = 0;
			shellPath = /bin/sh;
			shellScript = "diff \"${PODS_PODFILE_DIR_PATH}/Podfile.lock\" \"${PODS_ROOT}/Manifest.lock\" > /dev/null\nif [ $? != 0 ] ; then\n    # print error to STDERR\n    echo \"error: The sandbox is not in sync with the Podfile.lock. Run 'pod install' or update your CocoaPods installation.\" >&2\n    exit 1\nfi\n# This output is used by Xcode 'outputs' to avoid re-running this script phase.\necho \"SUCCESS\" > \"${SCRIPT_OUTPUT_FILE_0}\"\n";
			showEnvVarsInLog = 0;
		};
		A5948A17235F4F77F1BADA60 /* [CP] Embed Pods Frameworks */ = {
			isa = PBXShellScriptBuildPhase;
			buildActionMask = 2147483647;
			files = (
			);
			inputFileListPaths = (
			);
			inputPaths = (
				"${SRCROOT}/Pods/Target Support Files/Pods-DontForget/Pods-DontForget-frameworks.sh",
				"${BUILT_PRODUCTS_DIR}/Realm/Realm.framework",
				"${BUILT_PRODUCTS_DIR}/RealmSwift/RealmSwift.framework",
			);
			name = "[CP] Embed Pods Frameworks";
			outputFileListPaths = (
			);
			outputPaths = (
				"${TARGET_BUILD_DIR}/${FRAMEWORKS_FOLDER_PATH}/Realm.framework",
				"${TARGET_BUILD_DIR}/${FRAMEWORKS_FOLDER_PATH}/RealmSwift.framework",
			);
			runOnlyForDeploymentPostprocessing = 0;
			shellPath = /bin/sh;
			shellScript = "\"${SRCROOT}/Pods/Target Support Files/Pods-DontForget/Pods-DontForget-frameworks.sh\"\n";
			showEnvVarsInLog = 0;
		};
/* End PBXShellScriptBuildPhase section */

/* Begin PBXSourcesBuildPhase section */
		E4F290242212BEFC005A4A14 /* Sources */ = {
			isa = PBXSourcesBuildPhase;
			buildActionMask = 2147483647;
			files = (
				E4EAA3B12224253600D13CDF /* Item.swift in Sources */,
				E4F2902E2212BEFC005A4A14 /* MainTableViewController.swift in Sources */,
				E4F2902C2212BEFC005A4A14 /* AppDelegate.swift in Sources */,
				E4E833B8221DBA5C005C55AC /* CategoryTableViewController.swift in Sources */,
				E4EAA3AF2224252800D13CDF /* Category.swift in Sources */,
			);
			runOnlyForDeploymentPostprocessing = 0;
		};
/* End PBXSourcesBuildPhase section */

/* Begin PBXVariantGroup section */
		E4F2902F2212BEFC005A4A14 /* Main.storyboard */ = {
			isa = PBXVariantGroup;
			children = (
				E4F290302212BEFC005A4A14 /* Base */,
			);
			name = Main.storyboard;
			sourceTree = "<group>";
		};
		E4F290342212BEFD005A4A14 /* LaunchScreen.storyboard */ = {
			isa = PBXVariantGroup;
			children = (
				E4F290352212BEFD005A4A14 /* Base */,
			);
			name = LaunchScreen.storyboard;
			sourceTree = "<group>";
		};
/* End PBXVariantGroup section */

/* Begin XCBuildConfiguration section */
		E4F290382212BEFD005A4A14 /* Debug */ = {
			isa = XCBuildConfiguration;
			buildSettings = {
				ALWAYS_SEARCH_USER_PATHS = NO;
				CLANG_ANALYZER_NONNULL = YES;
				CLANG_ANALYZER_NUMBER_OBJECT_CONVERSION = YES_AGGRESSIVE;
				CLANG_CXX_LANGUAGE_STANDARD = "gnu++14";
				CLANG_CXX_LIBRARY = "libc++";
				CLANG_ENABLE_MODULES = YES;
				CLANG_ENABLE_OBJC_ARC = YES;
				CLANG_ENABLE_OBJC_WEAK = YES;
				CLANG_WARN_BLOCK_CAPTURE_AUTORELEASING = YES;
				CLANG_WARN_BOOL_CONVERSION = YES;
				CLANG_WARN_COMMA = YES;
				CLANG_WARN_CONSTANT_CONVERSION = YES;
				CLANG_WARN_DEPRECATED_OBJC_IMPLEMENTATIONS = YES;
				CLANG_WARN_DIRECT_OBJC_ISA_USAGE = YES_ERROR;
				CLANG_WARN_DOCUMENTATION_COMMENTS = YES;
				CLANG_WARN_EMPTY_BODY = YES;
				CLANG_WARN_ENUM_CONVERSION = YES;
				CLANG_WARN_INFINITE_RECURSION = YES;
				CLANG_WARN_INT_CONVERSION = YES;
				CLANG_WARN_NON_LITERAL_NULL_CONVERSION = YES;
				CLANG_WARN_OBJC_IMPLICIT_RETAIN_SELF = YES;
				CLANG_WARN_OBJC_LITERAL_CONVERSION = YES;
				CLANG_WARN_OBJC_ROOT_CLASS = YES_ERROR;
				CLANG_WARN_RANGE_LOOP_ANALYSIS = YES;
				CLANG_WARN_STRICT_PROTOTYPES = YES;
				CLANG_WARN_SUSPICIOUS_MOVE = YES;
				CLANG_WARN_UNGUARDED_AVAILABILITY = YES_AGGRESSIVE;
				CLANG_WARN_UNREACHABLE_CODE = YES;
				CLANG_WARN__DUPLICATE_METHOD_MATCH = YES;
				CODE_SIGN_IDENTITY = "iPhone Developer";
				COPY_PHASE_STRIP = NO;
				DEBUG_INFORMATION_FORMAT = dwarf;
				ENABLE_STRICT_OBJC_MSGSEND = YES;
				ENABLE_TESTABILITY = YES;
				GCC_C_LANGUAGE_STANDARD = gnu11;
				GCC_DYNAMIC_NO_PIC = NO;
				GCC_NO_COMMON_BLOCKS = YES;
				GCC_OPTIMIZATION_LEVEL = 0;
				GCC_PREPROCESSOR_DEFINITIONS = (
					"DEBUG=1",
					"$(inherited)",
				);
				GCC_WARN_64_TO_32_BIT_CONVERSION = YES;
				GCC_WARN_ABOUT_RETURN_TYPE = YES_ERROR;
				GCC_WARN_UNDECLARED_SELECTOR = YES;
				GCC_WARN_UNINITIALIZED_AUTOS = YES_AGGRESSIVE;
				GCC_WARN_UNUSED_FUNCTION = YES;
				GCC_WARN_UNUSED_VARIABLE = YES;
				IPHONEOS_DEPLOYMENT_TARGET = 12.1;
				MTL_ENABLE_DEBUG_INFO = INCLUDE_SOURCE;
				MTL_FAST_MATH = YES;
				ONLY_ACTIVE_ARCH = YES;
				SDKROOT = iphoneos;
				SWIFT_ACTIVE_COMPILATION_CONDITIONS = DEBUG;
				SWIFT_OPTIMIZATION_LEVEL = "-Onone";
			};
			name = Debug;
		};
		E4F290392212BEFD005A4A14 /* Release */ = {
			isa = XCBuildConfiguration;
			buildSettings = {
				ALWAYS_SEARCH_USER_PATHS = NO;
				CLANG_ANALYZER_NONNULL = YES;
				CLANG_ANALYZER_NUMBER_OBJECT_CONVERSION = YES_AGGRESSIVE;
				CLANG_CXX_LANGUAGE_STANDARD = "gnu++14";
				CLANG_CXX_LIBRARY = "libc++";
				CLANG_ENABLE_MODULES = YES;
				CLANG_ENABLE_OBJC_ARC = YES;
				CLANG_ENABLE_OBJC_WEAK = YES;
				CLANG_WARN_BLOCK_CAPTURE_AUTORELEASING = YES;
				CLANG_WARN_BOOL_CONVERSION = YES;
				CLANG_WARN_COMMA = YES;
				CLANG_WARN_CONSTANT_CONVERSION = YES;
				CLANG_WARN_DEPRECATED_OBJC_IMPLEMENTATIONS = YES;
				CLANG_WARN_DIRECT_OBJC_ISA_USAGE = YES_ERROR;
				CLANG_WARN_DOCUMENTATION_COMMENTS = YES;
				CLANG_WARN_EMPTY_BODY = YES;
				CLANG_WARN_ENUM_CONVERSION = YES;
				CLANG_WARN_INFINITE_RECURSION = YES;
				CLANG_WARN_INT_CONVERSION = YES;
				CLANG_WARN_NON_LITERAL_NULL_CONVERSION = YES;
				CLANG_WARN_OBJC_IMPLICIT_RETAIN_SELF = YES;
				CLANG_WARN_OBJC_LITERAL_CONVERSION = YES;
				CLANG_WARN_OBJC_ROOT_CLASS = YES_ERROR;
				CLANG_WARN_RANGE_LOOP_ANALYSIS = YES;
				CLANG_WARN_STRICT_PROTOTYPES = YES;
				CLANG_WARN_SUSPICIOUS_MOVE = YES;
				CLANG_WARN_UNGUARDED_AVAILABILITY = YES_AGGRESSIVE;
				CLANG_WARN_UNREACHABLE_CODE = YES;
				CLANG_WARN__DUPLICATE_METHOD_MATCH = YES;
				CODE_SIGN_IDENTITY = "iPhone Developer";
				COPY_PHASE_STRIP = NO;
				DEBUG_INFORMATION_FORMAT = "dwarf-with-dsym";
				ENABLE_NS_ASSERTIONS = NO;
				ENABLE_STRICT_OBJC_MSGSEND = YES;
				GCC_C_LANGUAGE_STANDARD = gnu11;
				GCC_NO_COMMON_BLOCKS = YES;
				GCC_WARN_64_TO_32_BIT_CONVERSION = YES;
				GCC_WARN_ABOUT_RETURN_TYPE = YES_ERROR;
				GCC_WARN_UNDECLARED_SELECTOR = YES;
				GCC_WARN_UNINITIALIZED_AUTOS = YES_AGGRESSIVE;
				GCC_WARN_UNUSED_FUNCTION = YES;
				GCC_WARN_UNUSED_VARIABLE = YES;
				IPHONEOS_DEPLOYMENT_TARGET = 12.1;
				MTL_ENABLE_DEBUG_INFO = NO;
				MTL_FAST_MATH = YES;
				SDKROOT = iphoneos;
				SWIFT_COMPILATION_MODE = wholemodule;
				SWIFT_OPTIMIZATION_LEVEL = "-O";
				VALIDATE_PRODUCT = YES;
			};
			name = Release;
		};
		E4F2903B2212BEFD005A4A14 /* Debug */ = {
			isa = XCBuildConfiguration;
			baseConfigurationReference = EF88277162FD4442EA5FD576 /* Pods-DontForget.debug.xcconfig */;
			buildSettings = {
				ASSETCATALOG_COMPILER_APPICON_NAME = AppIcon;
				CODE_SIGN_STYLE = Automatic;
				DEVELOPMENT_TEAM = UP39646M6H;
				INFOPLIST_FILE = DontForget/Info.plist;
				LD_RUNPATH_SEARCH_PATHS = (
					"$(inherited)",
					"@executable_path/Frameworks",
				);
				PRODUCT_BUNDLE_IDENTIFIER = com.Game4Life.DontForget;
				PRODUCT_NAME = "$(TARGET_NAME)";
				SWIFT_VERSION = 4.2;
				TARGETED_DEVICE_FAMILY = "1,2";
			};
			name = Debug;
		};
		E4F2903C2212BEFD005A4A14 /* Release */ = {
			isa = XCBuildConfiguration;
			baseConfigurationReference = 1D70E467C0BD6EC64F4346D8 /* Pods-DontForget.release.xcconfig */;
			buildSettings = {
				ASSETCATALOG_COMPILER_APPICON_NAME = AppIcon;
				CODE_SIGN_STYLE = Automatic;
				DEVELOPMENT_TEAM = UP39646M6H;
				INFOPLIST_FILE = DontForget/Info.plist;
				LD_RUNPATH_SEARCH_PATHS = (
					"$(inherited)",
					"@executable_path/Frameworks",
				);
				PRODUCT_BUNDLE_IDENTIFIER = com.Game4Life.DontForget;
				PRODUCT_NAME = "$(TARGET_NAME)";
				SWIFT_VERSION = 4.2;
				TARGETED_DEVICE_FAMILY = "1,2";
			};
			name = Release;
		};
/* End XCBuildConfiguration section */

/* Begin XCConfigurationList section */
		E4F290232212BEFC005A4A14 /* Build configuration list for PBXProject "DontForget" */ = {
			isa = XCConfigurationList;
			buildConfigurations = (
				E4F290382212BEFD005A4A14 /* Debug */,
				E4F290392212BEFD005A4A14 /* Release */,
			);
			defaultConfigurationIsVisible = 0;
			defaultConfigurationName = Release;
		};
		E4F2903A2212BEFD005A4A14 /* Build configuration list for PBXNativeTarget "DontForget" */ = {
			isa = XCConfigurationList;
			buildConfigurations = (
				E4F2903B2212BEFD005A4A14 /* Debug */,
				E4F2903C2212BEFD005A4A14 /* Release */,
			);
			defaultConfigurationIsVisible = 0;
			defaultConfigurationName = Release;
		};
/* End XCConfigurationList section */
	};
	rootObject = E4F290202212BEFC005A4A14 /* Project object */;
}
